speakeasyVersion: 1.637.0
sources:
    vercel-OAS:
        sourceNamespace: vercel-oas
        sourceRevisionDigest: sha256:e2218661a9b9a3b77a6d295aa3883dfc8d137e0e9649b5c671e09a111dd704d3
        sourceBlobDigest: sha256:af0f3fbbcb76adf5cc7b12686b952e223881d4a148876bc5e030d1e7c6d95824
        tags:
            - latest
            - speakeasy-sdk-regen-1759881997
            - 0.0.1
targets:
    vercel:
        source: vercel-OAS
        sourceNamespace: vercel-oas
        sourceRevisionDigest: sha256:e2218661a9b9a3b77a6d295aa3883dfc8d137e0e9649b5c671e09a111dd704d3
        sourceBlobDigest: sha256:af0f3fbbcb76adf5cc7b12686b952e223881d4a148876bc5e030d1e7c6d95824
        codeSamplesNamespace: vercel-oas-typescript-code-samples
        codeSamplesRevisionDigest: sha256:580ed3b50c74ce810ccbca84de98b4c1a769b4276836b3bb6925e60f5fcb5196
workflow:
    workflowVersion: 1.0.0
    speakeasyVersion: latest
    sources:
        vercel-OAS:
            inputs:
                - location: https://openapi.vercel.sh/
            overlays:
                - location: overlay.yaml
                - location: sdk-only-errors.yaml
                - location: mintlify-overlay.yaml
                - location: tests-overlay.yaml
            output: vercel-spec.json
            ruleset: vercelRestAPIRuleset
            registry:
                location: registry.speakeasyapi.dev/vercel/vercel-docs/vercel-oas
    targets:
        vercel:
            target: typescript
            source: vercel-OAS
            publish:
                npm:
                    token: $npm_token
            codeSamples:
                registry:
                    location: registry.speakeasyapi.dev/vercel/vercel-docs/vercel-oas-typescript-code-samples
                blocking: false
            testing:
                enabled: false
