speakeasyVersion: 1.657.0
sources:
    vercel-OAS:
        sourceNamespace: vercel-oas
        sourceRevisionDigest: sha256:b52932a11a30f237e7191542d722fc8d5d872362704b4bdf3bfa5b6d8f7880b7
        sourceBlobDigest: sha256:666983cbac599ebd13baa2e94718e17e8ed15c0891a4f2c66e37af964990e387
        tags:
            - latest
            - speakeasy-sdk-regen-1762301212
            - 0.0.1
targets:
    vercel:
        source: vercel-OAS
        sourceNamespace: vercel-oas
        sourceRevisionDigest: sha256:b52932a11a30f237e7191542d722fc8d5d872362704b4bdf3bfa5b6d8f7880b7
        sourceBlobDigest: sha256:666983cbac599ebd13baa2e94718e17e8ed15c0891a4f2c66e37af964990e387
        codeSamplesNamespace: vercel-oas-typescript-code-samples
        codeSamplesRevisionDigest: sha256:1a22ca1af676fea5c78964571d755c5e24a07092ec88d453132affa5ceb8582a
workflow:
    workflowVersion: 1.0.0
    speakeasyVersion: latest
    sources:
        vercel-OAS:
            inputs:
                - location: https://openapi.vercel.sh/
            overlays:
                - location: overlay.yaml
                - location: sdk-only-errors.yaml
                - location: mintlify-overlay.yaml
                - location: tests-overlay.yaml
            output: vercel-spec.json
            ruleset: vercelRestAPIRuleset
            registry:
                location: registry.speakeasyapi.dev/vercel/vercel-docs/vercel-oas
    targets:
        vercel:
            target: typescript
            source: vercel-OAS
            publish:
                npm:
                    token: $npm_token
            codeSamples:
                registry:
                    location: registry.speakeasyapi.dev/vercel/vercel-docs/vercel-oas-typescript-code-samples
                blocking: false
            testing:
                enabled: false
