speakeasyVersion: 1.642.1
sources:
    vercel-OAS:
        sourceNamespace: vercel-oas
        sourceRevisionDigest: sha256:dd56cc1745c37bd3bbd25ca517c49c92466713e0df031eb54f6ac0bfaf38d96d
        sourceBlobDigest: sha256:6b267b82276c6ebfd4f359f6a9070d4bd9a304321f3510d9d6d7ada3eb19c69e
        tags:
            - latest
            - speakeasy-sdk-regen-1759881997
            - 0.0.1
targets:
    vercel:
        source: vercel-OAS
        sourceNamespace: vercel-oas
        sourceRevisionDigest: sha256:dd56cc1745c37bd3bbd25ca517c49c92466713e0df031eb54f6ac0bfaf38d96d
        sourceBlobDigest: sha256:6b267b82276c6ebfd4f359f6a9070d4bd9a304321f3510d9d6d7ada3eb19c69e
        codeSamplesNamespace: vercel-oas-typescript-code-samples
        codeSamplesRevisionDigest: sha256:81801d509a130f68b7ef9b2570aae1648eed2329072bc138ba38350b4affb8fb
workflow:
    workflowVersion: 1.0.0
    speakeasyVersion: latest
    sources:
        vercel-OAS:
            inputs:
                - location: https://openapi.vercel.sh/
            overlays:
                - location: overlay.yaml
                - location: sdk-only-errors.yaml
                - location: mintlify-overlay.yaml
                - location: tests-overlay.yaml
            output: vercel-spec.json
            ruleset: vercelRestAPIRuleset
            registry:
                location: registry.speakeasyapi.dev/vercel/vercel-docs/vercel-oas
    targets:
        vercel:
            target: typescript
            source: vercel-OAS
            publish:
                npm:
                    token: $npm_token
            codeSamples:
                registry:
                    location: registry.speakeasyapi.dev/vercel/vercel-docs/vercel-oas-typescript-code-samples
                blocking: false
            testing:
                enabled: false
